
Microsoft Visual Studio Solution File, Format Version 12.00
# Visual Studio Version 16
VisualStudioVersion = 16.0.30804.86
MinimumVisualStudioVersion = 10.0.40219.1
Project("{9A19103F-16F7-4668-BE54-9A1E7A4F7556}") = "SportClubsChallenges.Web", "SportClubsChallenges.Web\SportClubsChallenges.Web.csproj", "{15D9473F-DC79-4621-B5D1-E06B92466661}"
EndProject
Project("{9A19103F-16F7-4668-BE54-9A1E7A4F7556}") = "SportClubsChallenges.Model", "SportClubsChallenges.Model\SportClubsChallenges.Model.csproj", "{77C5B06F-8FA4-4083-93F8-12C54B041A06}"
EndProject
Project("{9A19103F-16F7-4668-BE54-9A1E7A4F7556}") = "SportClubsChallenges.Database", "SportClubsChallenges.Database\SportClubsChallenges.Database.csproj", "{75F6626D-0AEF-4ECE-B6E7-1468B89CAFA0}"
EndProject
Project("{9A19103F-16F7-4668-BE54-9A1E7A4F7556}") = "SportClubsChallenges.Domain", "SportClubsChallenges.Services\SportClubsChallenges.Domain.csproj", "{C23EDA9E-84B1-4361-B630-D4582BE38B6F}"
EndProject
Project("{9A19103F-16F7-4668-BE54-9A1E7A4F7556}") = "SportClubsChallenges.Utils", "SportClubsChallenges.Utils\SportClubsChallenges.Utils.csproj", "{D156EFB2-B1B6-463D-9FBB-49FBC0737453}"
EndProject
Project("{9A19103F-16F7-4668-BE54-9A1E7A4F7556}") = "Strava.NET", "Strava.NET\Strava.NET.csproj", "{A99E9189-87F2-41C8-B079-2AE7CF58EA90}"
EndProject
Project("{9A19103F-16F7-4668-BE54-9A1E7A4F7556}") = "SportClubsChallenges.Strava", "SportClubsChallenges.Strava\SportClubsChallenges.Strava.csproj", "{2036B48B-DE90-4D2B-BE75-9A22D4F67D11}"
EndProject
Project("{9A19103F-16F7-4668-BE54-9A1E7A4F7556}") = "SportClubsChallenges.Jobs", "SportClubsChallenges.Jobs\SportClubsChallenges.Jobs.csproj", "{3FF6E92D-8841-4BDB-B0C1-C5A81976ECF5}"
EndProject
Project("{9A19103F-16F7-4668-BE54-9A1E7A4F7556}") = "SportClubsChallenges.ConsoleTestApp", "SportClubsChallenges.ConsoleTestApp\SportClubsChallenges.ConsoleTestApp.csproj", "{A803C10B-45BA-4D93-924F-E15115D7FB48}"
EndProject
Project("{9A19103F-16F7-4668-BE54-9A1E7A4F7556}") = "SportClubsChallenges.Mappings", "SportClubsChallenges.Mappings\SportClubsChallenges.Mappings.csproj", "{960FC3E1-7C61-4C32-AC95-9B1C7A627C92}"
EndProject
Project("{9A19103F-16F7-4668-BE54-9A1E7A4F7556}") = "SportClubsChallenges.AzureFunctions", "SportClubsChallenges.AzureFunctions\SportClubsChallenges.AzureFunctions.csproj", "{B2F0E31A-F52D-45ED-9AA3-9094F0F26C9C}"
EndProject
Project("{9A19103F-16F7-4668-BE54-9A1E7A4F7556}") = "SportClubsChallenges.AzureQueues", "SportClubsChallenges.AzureQueues\SportClubsChallenges.AzureQueues.csproj", "{9CEBB0D2-BFB6-4D03-BE06-7C1AAFCF65B1}"
EndProject
Global
	GlobalSection(SolutionConfigurationPlatforms) = preSolution
		Debug|Any CPU = Debug|Any CPU
		Release|Any CPU = Release|Any CPU
	EndGlobalSection
	GlobalSection(ProjectConfigurationPlatforms) = postSolution
		{15D9473F-DC79-4621-B5D1-E06B92466661}.Debug|Any CPU.ActiveCfg = Debug|Any CPU
		{15D9473F-DC79-4621-B5D1-E06B92466661}.Debug|Any CPU.Build.0 = Debug|Any CPU
		{15D9473F-DC79-4621-B5D1-E06B92466661}.Release|Any CPU.ActiveCfg = Release|Any CPU
		{15D9473F-DC79-4621-B5D1-E06B92466661}.Release|Any CPU.Build.0 = Release|Any CPU
		{77C5B06F-8FA4-4083-93F8-12C54B041A06}.Debug|Any CPU.ActiveCfg = Debug|Any CPU
		{77C5B06F-8FA4-4083-93F8-12C54B041A06}.Debug|Any CPU.Build.0 = Debug|Any CPU
		{77C5B06F-8FA4-4083-93F8-12C54B041A06}.Release|Any CPU.ActiveCfg = Release|Any CPU
		{77C5B06F-8FA4-4083-93F8-12C54B041A06}.Release|Any CPU.Build.0 = Release|Any CPU
		{75F6626D-0AEF-4ECE-B6E7-1468B89CAFA0}.Debug|Any CPU.ActiveCfg = Debug|Any CPU
		{75F6626D-0AEF-4ECE-B6E7-1468B89CAFA0}.Debug|Any CPU.Build.0 = Debug|Any CPU
		{75F6626D-0AEF-4ECE-B6E7-1468B89CAFA0}.Release|Any CPU.ActiveCfg = Release|Any CPU
		{75F6626D-0AEF-4ECE-B6E7-1468B89CAFA0}.Release|Any CPU.Build.0 = Release|Any CPU
		{C23EDA9E-84B1-4361-B630-D4582BE38B6F}.Debug|Any CPU.ActiveCfg = Debug|Any CPU
		{C23EDA9E-84B1-4361-B630-D4582BE38B6F}.Debug|Any CPU.Build.0 = Debug|Any CPU
		{C23EDA9E-84B1-4361-B630-D4582BE38B6F}.Release|Any CPU.ActiveCfg = Release|Any CPU
		{C23EDA9E-84B1-4361-B630-D4582BE38B6F}.Release|Any CPU.Build.0 = Release|Any CPU
		{D156EFB2-B1B6-463D-9FBB-49FBC0737453}.Debug|Any CPU.ActiveCfg = Debug|Any CPU
		{D156EFB2-B1B6-463D-9FBB-49FBC0737453}.Debug|Any CPU.Build.0 = Debug|Any CPU
		{D156EFB2-B1B6-463D-9FBB-49FBC0737453}.Release|Any CPU.ActiveCfg = Release|Any CPU
		{D156EFB2-B1B6-463D-9FBB-49FBC0737453}.Release|Any CPU.Build.0 = Release|Any CPU
		{A99E9189-87F2-41C8-B079-2AE7CF58EA90}.Debug|Any CPU.ActiveCfg = Debug|Any CPU
		{A99E9189-87F2-41C8-B079-2AE7CF58EA90}.Debug|Any CPU.Build.0 = Debug|Any CPU
		{A99E9189-87F2-41C8-B079-2AE7CF58EA90}.Release|Any CPU.ActiveCfg = Release|Any CPU
		{A99E9189-87F2-41C8-B079-2AE7CF58EA90}.Release|Any CPU.Build.0 = Release|Any CPU
		{2036B48B-DE90-4D2B-BE75-9A22D4F67D11}.Debug|Any CPU.ActiveCfg = Debug|Any CPU
		{2036B48B-DE90-4D2B-BE75-9A22D4F67D11}.Debug|Any CPU.Build.0 = Debug|Any CPU
		{2036B48B-DE90-4D2B-BE75-9A22D4F67D11}.Release|Any CPU.ActiveCfg = Release|Any CPU
		{2036B48B-DE90-4D2B-BE75-9A22D4F67D11}.Release|Any CPU.Build.0 = Release|Any CPU
		{3FF6E92D-8841-4BDB-B0C1-C5A81976ECF5}.Debug|Any CPU.ActiveCfg = Debug|Any CPU
		{3FF6E92D-8841-4BDB-B0C1-C5A81976ECF5}.Debug|Any CPU.Build.0 = Debug|Any CPU
		{3FF6E92D-8841-4BDB-B0C1-C5A81976ECF5}.Release|Any CPU.ActiveCfg = Release|Any CPU
		{3FF6E92D-8841-4BDB-B0C1-C5A81976ECF5}.Release|Any CPU.Build.0 = Release|Any CPU
		{A803C10B-45BA-4D93-924F-E15115D7FB48}.Debug|Any CPU.ActiveCfg = Debug|Any CPU
		{A803C10B-45BA-4D93-924F-E15115D7FB48}.Debug|Any CPU.Build.0 = Debug|Any CPU
		{A803C10B-45BA-4D93-924F-E15115D7FB48}.Release|Any CPU.ActiveCfg = Release|Any CPU
		{A803C10B-45BA-4D93-924F-E15115D7FB48}.Release|Any CPU.Build.0 = Release|Any CPU
		{960FC3E1-7C61-4C32-AC95-9B1C7A627C92}.Debug|Any CPU.ActiveCfg = Debug|Any CPU
		{960FC3E1-7C61-4C32-AC95-9B1C7A627C92}.Debug|Any CPU.Build.0 = Debug|Any CPU
		{960FC3E1-7C61-4C32-AC95-9B1C7A627C92}.Release|Any CPU.ActiveCfg = Release|Any CPU
		{960FC3E1-7C61-4C32-AC95-9B1C7A627C92}.Release|Any CPU.Build.0 = Release|Any CPU
		{B2F0E31A-F52D-45ED-9AA3-9094F0F26C9C}.Debug|Any CPU.ActiveCfg = Debug|Any CPU
		{B2F0E31A-F52D-45ED-9AA3-9094F0F26C9C}.Debug|Any CPU.Build.0 = Debug|Any CPU
		{B2F0E31A-F52D-45ED-9AA3-9094F0F26C9C}.Release|Any CPU.ActiveCfg = Release|Any CPU
		{B2F0E31A-F52D-45ED-9AA3-9094F0F26C9C}.Release|Any CPU.Build.0 = Release|Any CPU
		{9CEBB0D2-BFB6-4D03-BE06-7C1AAFCF65B1}.Debug|Any CPU.ActiveCfg = Debug|Any CPU
		{9CEBB0D2-BFB6-4D03-BE06-7C1AAFCF65B1}.Debug|Any CPU.Build.0 = Debug|Any CPU
		{9CEBB0D2-BFB6-4D03-BE06-7C1AAFCF65B1}.Release|Any CPU.ActiveCfg = Release|Any CPU
		{9CEBB0D2-BFB6-4D03-BE06-7C1AAFCF65B1}.Release|Any CPU.Build.0 = Release|Any CPU
	EndGlobalSection
	GlobalSection(SolutionProperties) = preSolution
		HideSolutionNode = FALSE
	EndGlobalSection
	GlobalSection(ExtensibilityGlobals) = postSolution
		SolutionGuid = {46B10835-F90A-4008-AF11-608DF2F05647}
	EndGlobalSection
EndGlobal
